
Microsoft Visual Studio Solution File, Format Version 12.00
# Visual Studio Version 17
VisualStudioVersion = 17.0.32112.339
MinimumVisualStudioVersion = 10.0.40219.1
Project("{9A19103F-16F7-4668-BE54-9A1E7A4F7556}") = "ListaExercicios02.ConsoleApp", "ListaExercicios02.ConsoleApp\ListaExercicios02.ConsoleApp.csproj", "{D356C70E-1F19-4660-876E-AE9BB3CB51C2}"
EndProject
Project("{9A19103F-16F7-4668-BE54-9A1E7A4F7556}") = "exercicio2.ConsoleApp1", "exercicio2.ConsoleApp1\exercicio2.ConsoleApp1.csproj", "{B251D600-4C9E-4050-92D3-ECCF342A472A}"
EndProject
Project("{FAE04EC0-301F-11D3-BF4B-00C04F79EFBC}") = "Exercicio03.ConsoleApp1", "Exercicio03.ConsoleApp1\Exercicio03.ConsoleApp1.csproj", "{B069BBC3-7C55-4CAE-B21E-B3C5466E6D99}"
EndProject
Project("{FAE04EC0-301F-11D3-BF4B-00C04F79EFBC}") = "Exercicio04.ConsoleApp", "Exercicio04.ConsoleApp\Exercicio04.ConsoleApp.csproj", "{7A85FF42-F5BF-4AD3-89B7-469F56583E4B}"
EndProject
Project("{FAE04EC0-301F-11D3-BF4B-00C04F79EFBC}") = "Exercicio05.ConsoleApp", "Exercicio05.ConsoleApp\Exercicio05.ConsoleApp.csproj", "{3FC82923-0D56-485C-B97D-A3A376C3BE6E}"
EndProject
Global
	GlobalSection(SolutionConfigurationPlatforms) = preSolution
		Debug|Any CPU = Debug|Any CPU
		Release|Any CPU = Release|Any CPU
	EndGlobalSection
	GlobalSection(ProjectConfigurationPlatforms) = postSolution
		{D356C70E-1F19-4660-876E-AE9BB3CB51C2}.Debug|Any CPU.ActiveCfg = Debug|Any CPU
		{D356C70E-1F19-4660-876E-AE9BB3CB51C2}.Debug|Any CPU.Build.0 = Debug|Any CPU
		{D356C70E-1F19-4660-876E-AE9BB3CB51C2}.Release|Any CPU.ActiveCfg = Release|Any CPU
		{D356C70E-1F19-4660-876E-AE9BB3CB51C2}.Release|Any CPU.Build.0 = Release|Any CPU
		{B251D600-4C9E-4050-92D3-ECCF342A472A}.Debug|Any CPU.ActiveCfg = Debug|Any CPU
		{B251D600-4C9E-4050-92D3-ECCF342A472A}.Debug|Any CPU.Build.0 = Debug|Any CPU
		{B251D600-4C9E-4050-92D3-ECCF342A472A}.Release|Any CPU.ActiveCfg = Release|Any CPU
		{B251D600-4C9E-4050-92D3-ECCF342A472A}.Release|Any CPU.Build.0 = Release|Any CPU
		{B069BBC3-7C55-4CAE-B21E-B3C5466E6D99}.Debug|Any CPU.ActiveCfg = Debug|Any CPU
		{B069BBC3-7C55-4CAE-B21E-B3C5466E6D99}.Debug|Any CPU.Build.0 = Debug|Any CPU
		{B069BBC3-7C55-4CAE-B21E-B3C5466E6D99}.Release|Any CPU.ActiveCfg = Release|Any CPU
		{B069BBC3-7C55-4CAE-B21E-B3C5466E6D99}.Release|Any CPU.Build.0 = Release|Any CPU
		{7A85FF42-F5BF-4AD3-89B7-469F56583E4B}.Debug|Any CPU.ActiveCfg = Debug|Any CPU
		{7A85FF42-F5BF-4AD3-89B7-469F56583E4B}.Debug|Any CPU.Build.0 = Debug|Any CPU
		{7A85FF42-F5BF-4AD3-89B7-469F56583E4B}.Release|Any CPU.ActiveCfg = Release|Any CPU
		{7A85FF42-F5BF-4AD3-89B7-469F56583E4B}.Release|Any CPU.Build.0 = Release|Any CPU
		{3FC82923-0D56-485C-B97D-A3A376C3BE6E}.Debug|Any CPU.ActiveCfg = Debug|Any CPU
		{3FC82923-0D56-485C-B97D-A3A376C3BE6E}.Debug|Any CPU.Build.0 = Debug|Any CPU
		{3FC82923-0D56-485C-B97D-A3A376C3BE6E}.Release|Any CPU.ActiveCfg = Release|Any CPU
		{3FC82923-0D56-485C-B97D-A3A376C3BE6E}.Release|Any CPU.Build.0 = Release|Any CPU
	EndGlobalSection
	GlobalSection(SolutionProperties) = preSolution
		HideSolutionNode = FALSE
	EndGlobalSection
	GlobalSection(ExtensibilityGlobals) = postSolution
		SolutionGuid = {DA9C8A44-2F28-47DB-986A-250832258C6F}
	EndGlobalSection
EndGlobal
